
Microsoft Visual Studio Solution File, Format Version 12.00
# Visual Studio Version 16
VisualStudioVersion = 25.0.1706.3
MinimumVisualStudioVersion = 10.0.40219.1
Project("{FAE04EC0-301F-11D3-BF4B-00C04F79EFBC}") = "TeamInterface", "TeamInterface\TeamInterface.csproj", "{99BE5CD5-358B-461D-BDDE-7C0C0D57BDF2}"
EndProject
Global
	GlobalSection(SolutionConfigurationPlatforms) = preSolution
		Debug|Any CPU = Debug|Any CPU
		Release|Any CPU = Release|Any CPU
	EndGlobalSection
	GlobalSection(ProjectConfigurationPlatforms) = postSolution
		{99BE5CD5-358B-461D-BDDE-7C0C0D57BDF2}.Debug|Any CPU.ActiveCfg = Debug|Any CPU
		{99BE5CD5-358B-461D-BDDE-7C0C0D57BDF2}.Debug|Any CPU.Build.0 = Debug|Any CPU
		{99BE5CD5-358B-461D-BDDE-7C0C0D57BDF2}.Release|Any CPU.ActiveCfg = Release|Any CPU
		{99BE5CD5-358B-461D-BDDE-7C0C0D57BDF2}.Release|Any CPU.Build.0 = Release|Any CPU
	EndGlobalSection
	GlobalSection(SolutionProperties) = preSolution
		HideSolutionNode = FALSE
	EndGlobalSection
	GlobalSection(ExtensibilityGlobals) = postSolution
		SolutionGuid = {03A765FD-AD8F-4D98-852F-9CADC07E16C6}
	EndGlobalSection
EndGlobal
