
Microsoft Visual Studio Solution File, Format Version 12.00
# Visual Studio Version 16
VisualStudioVersion = 25.0.1706.3
MinimumVisualStudioVersion = 10.0.40219.1
Project("{FAE04EC0-301F-11D3-BF4B-00C04F79EFBC}") = "PlusMinus", "PlusMinus\PlusMinus.csproj", "{AE1C8BB2-66DF-46AF-956A-CFF13D2D479E}"
EndProject
Project("{FAE04EC0-301F-11D3-BF4B-00C04F79EFBC}") = "DiagonalDifference", "DiagonalDifference\DiagonalDifference.csproj", "{7C3F72C7-9F09-409B-BE2B-9ED8946646D6}"
EndProject
Project("{FAE04EC0-301F-11D3-BF4B-00C04F79EFBC}") = "CamelCase", "CamelCase\CamelCase.csproj", "{CD38E58F-0645-48D9-8F15-990F415292E6}"
EndProject
Project("{FAE04EC0-301F-11D3-BF4B-00C04F79EFBC}") = "MiniMaxSum", "MiniMaxSum\MiniMaxSum.csproj", "{04F17F1A-5D94-439D-B720-C7D9204EDB30}"
EndProject
Project("{FAE04EC0-301F-11D3-BF4B-00C04F79EFBC}") = "SparseArrays", "SparseArrays\SparseArrays.csproj", "{AFA3A517-6D76-4B01-8B85-60A9CDC5944F}"
EndProject
Project("{FAE04EC0-301F-11D3-BF4B-00C04F79EFBC}") = "AVeryBigSum", "AVeryBigSum\AVeryBigSum.csproj", "{62231835-AE29-4B30-AB44-E7F664429ACF}"
EndProject
Project("{FAE04EC0-301F-11D3-BF4B-00C04F79EFBC}") = "DivisibleSumPairs", "DivisibleSumPairs\DivisibleSumPairs.csproj", "{BD977BB1-E6B7-4E6F-81EF-B84D88A54137}"
EndProject
Project("{FAE04EC0-301F-11D3-BF4B-00C04F79EFBC}") = "Staircase", "Staircase\Staircase.csproj", "{35C4C1DF-4474-4D26-9A35-3E344108A305}"
EndProject
Project("{FAE04EC0-301F-11D3-BF4B-00C04F79EFBC}") = "AppleandOrange", "AppleandOrange\AppleandOrange.csproj", "{347E3636-5CB2-4DCA-8551-E25F51F9C556}"
EndProject
Project("{FAE04EC0-301F-11D3-BF4B-00C04F79EFBC}") = "CircularArrayRotation", "CircularArrayRotation\CircularArrayRotation.csproj", "{BC0B01BC-B4B5-48BD-92B9-FA00BE9376AF}"
EndProject
Project("{FAE04EC0-301F-11D3-BF4B-00C04F79EFBC}") = "TimeConversion", "TimeConversion\TimeConversion.csproj", "{A9BED9AC-E0E0-4853-A9F3-B444A8E97977}"
EndProject
Project("{FAE04EC0-301F-11D3-BF4B-00C04F79EFBC}") = "LonelyInterger", "LonelyInterger\LonelyInterger.csproj", "{C40824EF-F6E2-4CEB-98B3-F8AD89AF7A05}"
EndProject
Project("{FAE04EC0-301F-11D3-BF4B-00C04F79EFBC}") = "Flippingbits", "Flippingbits\Flippingbits.csproj", "{4A96F5FD-CE4D-422F-A88A-45A8DD0260C2}"
EndProject
Project("{FAE04EC0-301F-11D3-BF4B-00C04F79EFBC}") = "CountingSort1", "CountingSort1\CountingSort1.csproj", "{F34B0E91-77B3-4DE7-B9CB-4C42D3C62BFF}"
EndProject
Project("{FAE04EC0-301F-11D3-BF4B-00C04F79EFBC}") = "Pangrams", "Pangrams\Pangrams.csproj", "{B43A79B1-1FA3-480C-8F3A-845A0CBD0D06}"
EndProject
Project("{FAE04EC0-301F-11D3-BF4B-00C04F79EFBC}") = "PermutingTwoArrays", "PermutingTwoArrays\PermutingTwoArrays.csproj", "{8BAD3177-0368-4714-AB42-7CC4911B0428}"
EndProject
Project("{FAE04EC0-301F-11D3-BF4B-00C04F79EFBC}") = "SubarrayDivision1", "SubarrayDivision1\SubarrayDivision1.csproj", "{B7179B08-DF5A-40D1-995B-869C1451D1EC}"
EndProject
Project("{FAE04EC0-301F-11D3-BF4B-00C04F79EFBC}") = "FindTheMedian", "FindTheMedian\FindTheMedian.csproj", "{B2B0BC0A-5F86-4284-9282-13110C29509E}"
EndProject
Project("{FAE04EC0-301F-11D3-BF4B-00C04F79EFBC}") = "FlippingTheMatrix", "FlippingTheMatrix\FlippingTheMatrix.csproj", "{F7E025C3-968A-4358-91CA-E48808B8287E}"
EndProject
Project("{FAE04EC0-301F-11D3-BF4B-00C04F79EFBC}") = "DrawingBook", "DrawingBook\DrawingBook.csproj", "{08B5EC35-686B-4C73-AAFF-761FDCE6A71E}"
EndProject
Project("{FAE04EC0-301F-11D3-BF4B-00C04F79EFBC}") = "TowerBreakers", "TowerBreakers\TowerBreakers.csproj", "{08F987E9-55A8-41F7-960E-69356FFD6781}"
EndProject
Global
	GlobalSection(SolutionConfigurationPlatforms) = preSolution
		Debug|Any CPU = Debug|Any CPU
		Release|Any CPU = Release|Any CPU
	EndGlobalSection
	GlobalSection(ProjectConfigurationPlatforms) = postSolution
		{AE1C8BB2-66DF-46AF-956A-CFF13D2D479E}.Debug|Any CPU.ActiveCfg = Debug|Any CPU
		{AE1C8BB2-66DF-46AF-956A-CFF13D2D479E}.Debug|Any CPU.Build.0 = Debug|Any CPU
		{AE1C8BB2-66DF-46AF-956A-CFF13D2D479E}.Release|Any CPU.ActiveCfg = Release|Any CPU
		{AE1C8BB2-66DF-46AF-956A-CFF13D2D479E}.Release|Any CPU.Build.0 = Release|Any CPU
		{7C3F72C7-9F09-409B-BE2B-9ED8946646D6}.Debug|Any CPU.ActiveCfg = Debug|Any CPU
		{7C3F72C7-9F09-409B-BE2B-9ED8946646D6}.Debug|Any CPU.Build.0 = Debug|Any CPU
		{7C3F72C7-9F09-409B-BE2B-9ED8946646D6}.Release|Any CPU.ActiveCfg = Release|Any CPU
		{7C3F72C7-9F09-409B-BE2B-9ED8946646D6}.Release|Any CPU.Build.0 = Release|Any CPU
		{CD38E58F-0645-48D9-8F15-990F415292E6}.Debug|Any CPU.ActiveCfg = Debug|Any CPU
		{CD38E58F-0645-48D9-8F15-990F415292E6}.Debug|Any CPU.Build.0 = Debug|Any CPU
		{CD38E58F-0645-48D9-8F15-990F415292E6}.Release|Any CPU.ActiveCfg = Release|Any CPU
		{CD38E58F-0645-48D9-8F15-990F415292E6}.Release|Any CPU.Build.0 = Release|Any CPU
		{04F17F1A-5D94-439D-B720-C7D9204EDB30}.Debug|Any CPU.ActiveCfg = Debug|Any CPU
		{04F17F1A-5D94-439D-B720-C7D9204EDB30}.Debug|Any CPU.Build.0 = Debug|Any CPU
		{04F17F1A-5D94-439D-B720-C7D9204EDB30}.Release|Any CPU.ActiveCfg = Release|Any CPU
		{04F17F1A-5D94-439D-B720-C7D9204EDB30}.Release|Any CPU.Build.0 = Release|Any CPU
		{AFA3A517-6D76-4B01-8B85-60A9CDC5944F}.Debug|Any CPU.ActiveCfg = Debug|Any CPU
		{AFA3A517-6D76-4B01-8B85-60A9CDC5944F}.Debug|Any CPU.Build.0 = Debug|Any CPU
		{AFA3A517-6D76-4B01-8B85-60A9CDC5944F}.Release|Any CPU.ActiveCfg = Release|Any CPU
		{AFA3A517-6D76-4B01-8B85-60A9CDC5944F}.Release|Any CPU.Build.0 = Release|Any CPU
		{62231835-AE29-4B30-AB44-E7F664429ACF}.Debug|Any CPU.ActiveCfg = Debug|Any CPU
		{62231835-AE29-4B30-AB44-E7F664429ACF}.Debug|Any CPU.Build.0 = Debug|Any CPU
		{62231835-AE29-4B30-AB44-E7F664429ACF}.Release|Any CPU.ActiveCfg = Release|Any CPU
		{62231835-AE29-4B30-AB44-E7F664429ACF}.Release|Any CPU.Build.0 = Release|Any CPU
		{BD977BB1-E6B7-4E6F-81EF-B84D88A54137}.Debug|Any CPU.ActiveCfg = Debug|Any CPU
		{BD977BB1-E6B7-4E6F-81EF-B84D88A54137}.Debug|Any CPU.Build.0 = Debug|Any CPU
		{BD977BB1-E6B7-4E6F-81EF-B84D88A54137}.Release|Any CPU.ActiveCfg = Release|Any CPU
		{BD977BB1-E6B7-4E6F-81EF-B84D88A54137}.Release|Any CPU.Build.0 = Release|Any CPU
		{35C4C1DF-4474-4D26-9A35-3E344108A305}.Debug|Any CPU.ActiveCfg = Debug|Any CPU
		{35C4C1DF-4474-4D26-9A35-3E344108A305}.Debug|Any CPU.Build.0 = Debug|Any CPU
		{35C4C1DF-4474-4D26-9A35-3E344108A305}.Release|Any CPU.ActiveCfg = Release|Any CPU
		{35C4C1DF-4474-4D26-9A35-3E344108A305}.Release|Any CPU.Build.0 = Release|Any CPU
		{347E3636-5CB2-4DCA-8551-E25F51F9C556}.Debug|Any CPU.ActiveCfg = Debug|Any CPU
		{347E3636-5CB2-4DCA-8551-E25F51F9C556}.Debug|Any CPU.Build.0 = Debug|Any CPU
		{347E3636-5CB2-4DCA-8551-E25F51F9C556}.Release|Any CPU.ActiveCfg = Release|Any CPU
		{347E3636-5CB2-4DCA-8551-E25F51F9C556}.Release|Any CPU.Build.0 = Release|Any CPU
		{BC0B01BC-B4B5-48BD-92B9-FA00BE9376AF}.Debug|Any CPU.ActiveCfg = Debug|Any CPU
		{BC0B01BC-B4B5-48BD-92B9-FA00BE9376AF}.Debug|Any CPU.Build.0 = Debug|Any CPU
		{BC0B01BC-B4B5-48BD-92B9-FA00BE9376AF}.Release|Any CPU.ActiveCfg = Release|Any CPU
		{BC0B01BC-B4B5-48BD-92B9-FA00BE9376AF}.Release|Any CPU.Build.0 = Release|Any CPU
		{A9BED9AC-E0E0-4853-A9F3-B444A8E97977}.Debug|Any CPU.ActiveCfg = Debug|Any CPU
		{A9BED9AC-E0E0-4853-A9F3-B444A8E97977}.Debug|Any CPU.Build.0 = Debug|Any CPU
		{A9BED9AC-E0E0-4853-A9F3-B444A8E97977}.Release|Any CPU.ActiveCfg = Release|Any CPU
		{A9BED9AC-E0E0-4853-A9F3-B444A8E97977}.Release|Any CPU.Build.0 = Release|Any CPU
		{C40824EF-F6E2-4CEB-98B3-F8AD89AF7A05}.Debug|Any CPU.ActiveCfg = Debug|Any CPU
		{C40824EF-F6E2-4CEB-98B3-F8AD89AF7A05}.Debug|Any CPU.Build.0 = Debug|Any CPU
		{C40824EF-F6E2-4CEB-98B3-F8AD89AF7A05}.Release|Any CPU.ActiveCfg = Release|Any CPU
		{C40824EF-F6E2-4CEB-98B3-F8AD89AF7A05}.Release|Any CPU.Build.0 = Release|Any CPU
		{4A96F5FD-CE4D-422F-A88A-45A8DD0260C2}.Debug|Any CPU.ActiveCfg = Debug|Any CPU
		{4A96F5FD-CE4D-422F-A88A-45A8DD0260C2}.Debug|Any CPU.Build.0 = Debug|Any CPU
		{4A96F5FD-CE4D-422F-A88A-45A8DD0260C2}.Release|Any CPU.ActiveCfg = Release|Any CPU
		{4A96F5FD-CE4D-422F-A88A-45A8DD0260C2}.Release|Any CPU.Build.0 = Release|Any CPU
		{F34B0E91-77B3-4DE7-B9CB-4C42D3C62BFF}.Debug|Any CPU.ActiveCfg = Debug|Any CPU
		{F34B0E91-77B3-4DE7-B9CB-4C42D3C62BFF}.Debug|Any CPU.Build.0 = Debug|Any CPU
		{F34B0E91-77B3-4DE7-B9CB-4C42D3C62BFF}.Release|Any CPU.ActiveCfg = Release|Any CPU
		{F34B0E91-77B3-4DE7-B9CB-4C42D3C62BFF}.Release|Any CPU.Build.0 = Release|Any CPU
		{B43A79B1-1FA3-480C-8F3A-845A0CBD0D06}.Debug|Any CPU.ActiveCfg = Debug|Any CPU
		{B43A79B1-1FA3-480C-8F3A-845A0CBD0D06}.Debug|Any CPU.Build.0 = Debug|Any CPU
		{B43A79B1-1FA3-480C-8F3A-845A0CBD0D06}.Release|Any CPU.ActiveCfg = Release|Any CPU
		{B43A79B1-1FA3-480C-8F3A-845A0CBD0D06}.Release|Any CPU.Build.0 = Release|Any CPU
		{8BAD3177-0368-4714-AB42-7CC4911B0428}.Debug|Any CPU.ActiveCfg = Debug|Any CPU
		{8BAD3177-0368-4714-AB42-7CC4911B0428}.Debug|Any CPU.Build.0 = Debug|Any CPU
		{8BAD3177-0368-4714-AB42-7CC4911B0428}.Release|Any CPU.ActiveCfg = Release|Any CPU
		{8BAD3177-0368-4714-AB42-7CC4911B0428}.Release|Any CPU.Build.0 = Release|Any CPU
		{B7179B08-DF5A-40D1-995B-869C1451D1EC}.Debug|Any CPU.ActiveCfg = Debug|Any CPU
		{B7179B08-DF5A-40D1-995B-869C1451D1EC}.Debug|Any CPU.Build.0 = Debug|Any CPU
		{B7179B08-DF5A-40D1-995B-869C1451D1EC}.Release|Any CPU.ActiveCfg = Release|Any CPU
		{B7179B08-DF5A-40D1-995B-869C1451D1EC}.Release|Any CPU.Build.0 = Release|Any CPU
		{B2B0BC0A-5F86-4284-9282-13110C29509E}.Debug|Any CPU.ActiveCfg = Debug|Any CPU
		{B2B0BC0A-5F86-4284-9282-13110C29509E}.Debug|Any CPU.Build.0 = Debug|Any CPU
		{B2B0BC0A-5F86-4284-9282-13110C29509E}.Release|Any CPU.ActiveCfg = Release|Any CPU
		{B2B0BC0A-5F86-4284-9282-13110C29509E}.Release|Any CPU.Build.0 = Release|Any CPU
		{F7E025C3-968A-4358-91CA-E48808B8287E}.Debug|Any CPU.ActiveCfg = Debug|Any CPU
		{F7E025C3-968A-4358-91CA-E48808B8287E}.Debug|Any CPU.Build.0 = Debug|Any CPU
		{F7E025C3-968A-4358-91CA-E48808B8287E}.Release|Any CPU.ActiveCfg = Release|Any CPU
		{F7E025C3-968A-4358-91CA-E48808B8287E}.Release|Any CPU.Build.0 = Release|Any CPU
		{08B5EC35-686B-4C73-AAFF-761FDCE6A71E}.Debug|Any CPU.ActiveCfg = Debug|Any CPU
		{08B5EC35-686B-4C73-AAFF-761FDCE6A71E}.Debug|Any CPU.Build.0 = Debug|Any CPU
		{08B5EC35-686B-4C73-AAFF-761FDCE6A71E}.Release|Any CPU.ActiveCfg = Release|Any CPU
		{08B5EC35-686B-4C73-AAFF-761FDCE6A71E}.Release|Any CPU.Build.0 = Release|Any CPU
		{08F987E9-55A8-41F7-960E-69356FFD6781}.Debug|Any CPU.ActiveCfg = Debug|Any CPU
		{08F987E9-55A8-41F7-960E-69356FFD6781}.Debug|Any CPU.Build.0 = Debug|Any CPU
		{08F987E9-55A8-41F7-960E-69356FFD6781}.Release|Any CPU.ActiveCfg = Release|Any CPU
		{08F987E9-55A8-41F7-960E-69356FFD6781}.Release|Any CPU.Build.0 = Release|Any CPU
	EndGlobalSection
	GlobalSection(SolutionProperties) = preSolution
		HideSolutionNode = FALSE
	EndGlobalSection
	GlobalSection(ExtensibilityGlobals) = postSolution
		SolutionGuid = {B1FD89F6-9BF8-4898-914D-5EA426FEA34D}
	EndGlobalSection
EndGlobal
